
Microsoft Visual Studio Solution File, Format Version 12.00
# Visual Studio Version 16
VisualStudioVersion = 16.0.30804.86
MinimumVisualStudioVersion = 10.0.40219.1
Project("{FAE04EC0-301F-11D3-BF4B-00C04F79EFBC}") = "KampIntro", "KampIntro\KampIntro.csproj", "{B891FB9C-5A9C-4543-9BA3-274D31BBA193}"
EndProject
Project("{FAE04EC0-301F-11D3-BF4B-00C04F79EFBC}") = "Donguler", "Donguler\Donguler.csproj", "{ED692CE9-1C07-4AA0-AE31-0C8B4093D292}"
EndProject
Project("{FAE04EC0-301F-11D3-BF4B-00C04F79EFBC}") = "ClassIntro", "ClassIntro\ClassIntro.csproj", "{D1E07315-539D-4214-ACBC-1E7093349AF8}"
EndProject
Global
	GlobalSection(SolutionConfigurationPlatforms) = preSolution
		Debug|Any CPU = Debug|Any CPU
		Release|Any CPU = Release|Any CPU
	EndGlobalSection
	GlobalSection(ProjectConfigurationPlatforms) = postSolution
		{B891FB9C-5A9C-4543-9BA3-274D31BBA193}.Debug|Any CPU.ActiveCfg = Debug|Any CPU
		{B891FB9C-5A9C-4543-9BA3-274D31BBA193}.Debug|Any CPU.Build.0 = Debug|Any CPU
		{B891FB9C-5A9C-4543-9BA3-274D31BBA193}.Release|Any CPU.ActiveCfg = Release|Any CPU
		{B891FB9C-5A9C-4543-9BA3-274D31BBA193}.Release|Any CPU.Build.0 = Release|Any CPU
		{ED692CE9-1C07-4AA0-AE31-0C8B4093D292}.Debug|Any CPU.ActiveCfg = Debug|Any CPU
		{ED692CE9-1C07-4AA0-AE31-0C8B4093D292}.Debug|Any CPU.Build.0 = Debug|Any CPU
		{ED692CE9-1C07-4AA0-AE31-0C8B4093D292}.Release|Any CPU.ActiveCfg = Release|Any CPU
		{ED692CE9-1C07-4AA0-AE31-0C8B4093D292}.Release|Any CPU.Build.0 = Release|Any CPU
		{D1E07315-539D-4214-ACBC-1E7093349AF8}.Debug|Any CPU.ActiveCfg = Debug|Any CPU
		{D1E07315-539D-4214-ACBC-1E7093349AF8}.Debug|Any CPU.Build.0 = Debug|Any CPU
		{D1E07315-539D-4214-ACBC-1E7093349AF8}.Release|Any CPU.ActiveCfg = Release|Any CPU
		{D1E07315-539D-4214-ACBC-1E7093349AF8}.Release|Any CPU.Build.0 = Release|Any CPU
	EndGlobalSection
	GlobalSection(SolutionProperties) = preSolution
		HideSolutionNode = FALSE
	EndGlobalSection
	GlobalSection(ExtensibilityGlobals) = postSolution
		SolutionGuid = {9D6DC6AB-CE0F-410A-BEB3-C74817666B83}
	EndGlobalSection
EndGlobal
